
Microsoft Visual Studio Solution File, Format Version 12.00
# Visual Studio 2012
Project("{FAE04EC0-301F-11D3-BF4B-00C04F79EFBC}") = "RIS_Publico", "RIS_Publico\RIS_Publico.csproj", "{165695A9-8BDD-4196-81AA-100E1F105829}"
EndProject
Project("{FAE04EC0-301F-11D3-BF4B-00C04F79EFBC}") = "DalRis", "..\DalRis\DalRis.csproj", "{AD7976BB-4634-47A2-A510-B76D42750B4A}"
EndProject
Global
	GlobalSection(SolutionConfigurationPlatforms) = preSolution
		Debug|Any CPU = Debug|Any CPU
		Release|Any CPU = Release|Any CPU
	EndGlobalSection
	GlobalSection(ProjectConfigurationPlatforms) = postSolution
		{165695A9-8BDD-4196-81AA-100E1F105829}.Debug|Any CPU.ActiveCfg = Debug|Any CPU
		{165695A9-8BDD-4196-81AA-100E1F105829}.Debug|Any CPU.Build.0 = Debug|Any CPU
		{165695A9-8BDD-4196-81AA-100E1F105829}.Release|Any CPU.ActiveCfg = Release|Any CPU
		{165695A9-8BDD-4196-81AA-100E1F105829}.Release|Any CPU.Build.0 = Release|Any CPU
		{AD7976BB-4634-47A2-A510-B76D42750B4A}.Debug|Any CPU.ActiveCfg = Debug|Any CPU
		{AD7976BB-4634-47A2-A510-B76D42750B4A}.Debug|Any CPU.Build.0 = Debug|Any CPU
		{AD7976BB-4634-47A2-A510-B76D42750B4A}.Release|Any CPU.ActiveCfg = Release|Any CPU
		{AD7976BB-4634-47A2-A510-B76D42750B4A}.Release|Any CPU.Build.0 = Release|Any CPU
	EndGlobalSection
	GlobalSection(SolutionProperties) = preSolution
		HideSolutionNode = FALSE
	EndGlobalSection
EndGlobal
